
Microsoft Visual Studio Solution File, Format Version 12.00
# Visual Studio 15
VisualStudioVersion = 15.0.26124.0
MinimumVisualStudioVersion = 15.0.26124.0
Project("{FAE04EC0-301F-11D3-BF4B-00C04F79EFBC}") = "ClassVsStruct", "ClassVsStruct\ClassVsStruct.csproj", "{DD94771A-A3CD-483F-9488-64CC1DE3FE5B}"
EndProject
Project("{FAE04EC0-301F-11D3-BF4B-00C04F79EFBC}") = "MiniGame", "MiniGame\MiniGame.csproj", "{EA487108-7D12-41CA-96A6-FAF79BA9E911}"
EndProject
Project("{FAE04EC0-301F-11D3-BF4B-00C04F79EFBC}") = "Polimorfismo", "Polimorfismo\Polimorfismo.csproj", "{90BC3DEB-5FCC-41CC-AB8E-65D224F71468}"
EndProject
Global
	GlobalSection(SolutionConfigurationPlatforms) = preSolution
		Debug|Any CPU = Debug|Any CPU
		Debug|x64 = Debug|x64
		Debug|x86 = Debug|x86
		Release|Any CPU = Release|Any CPU
		Release|x64 = Release|x64
		Release|x86 = Release|x86
	EndGlobalSection
	GlobalSection(SolutionProperties) = preSolution
		HideSolutionNode = FALSE
	EndGlobalSection
	GlobalSection(ProjectConfigurationPlatforms) = postSolution
		{DD94771A-A3CD-483F-9488-64CC1DE3FE5B}.Debug|Any CPU.ActiveCfg = Debug|Any CPU
		{DD94771A-A3CD-483F-9488-64CC1DE3FE5B}.Debug|Any CPU.Build.0 = Debug|Any CPU
		{DD94771A-A3CD-483F-9488-64CC1DE3FE5B}.Debug|x64.ActiveCfg = Debug|Any CPU
		{DD94771A-A3CD-483F-9488-64CC1DE3FE5B}.Debug|x64.Build.0 = Debug|Any CPU
		{DD94771A-A3CD-483F-9488-64CC1DE3FE5B}.Debug|x86.ActiveCfg = Debug|Any CPU
		{DD94771A-A3CD-483F-9488-64CC1DE3FE5B}.Debug|x86.Build.0 = Debug|Any CPU
		{DD94771A-A3CD-483F-9488-64CC1DE3FE5B}.Release|Any CPU.ActiveCfg = Release|Any CPU
		{DD94771A-A3CD-483F-9488-64CC1DE3FE5B}.Release|Any CPU.Build.0 = Release|Any CPU
		{DD94771A-A3CD-483F-9488-64CC1DE3FE5B}.Release|x64.ActiveCfg = Release|Any CPU
		{DD94771A-A3CD-483F-9488-64CC1DE3FE5B}.Release|x64.Build.0 = Release|Any CPU
		{DD94771A-A3CD-483F-9488-64CC1DE3FE5B}.Release|x86.ActiveCfg = Release|Any CPU
		{DD94771A-A3CD-483F-9488-64CC1DE3FE5B}.Release|x86.Build.0 = Release|Any CPU
		{EA487108-7D12-41CA-96A6-FAF79BA9E911}.Debug|Any CPU.ActiveCfg = Debug|Any CPU
		{EA487108-7D12-41CA-96A6-FAF79BA9E911}.Debug|Any CPU.Build.0 = Debug|Any CPU
		{EA487108-7D12-41CA-96A6-FAF79BA9E911}.Debug|x64.ActiveCfg = Debug|Any CPU
		{EA487108-7D12-41CA-96A6-FAF79BA9E911}.Debug|x64.Build.0 = Debug|Any CPU
		{EA487108-7D12-41CA-96A6-FAF79BA9E911}.Debug|x86.ActiveCfg = Debug|Any CPU
		{EA487108-7D12-41CA-96A6-FAF79BA9E911}.Debug|x86.Build.0 = Debug|Any CPU
		{EA487108-7D12-41CA-96A6-FAF79BA9E911}.Release|Any CPU.ActiveCfg = Release|Any CPU
		{EA487108-7D12-41CA-96A6-FAF79BA9E911}.Release|Any CPU.Build.0 = Release|Any CPU
		{EA487108-7D12-41CA-96A6-FAF79BA9E911}.Release|x64.ActiveCfg = Release|Any CPU
		{EA487108-7D12-41CA-96A6-FAF79BA9E911}.Release|x64.Build.0 = Release|Any CPU
		{EA487108-7D12-41CA-96A6-FAF79BA9E911}.Release|x86.ActiveCfg = Release|Any CPU
		{EA487108-7D12-41CA-96A6-FAF79BA9E911}.Release|x86.Build.0 = Release|Any CPU
		{90BC3DEB-5FCC-41CC-AB8E-65D224F71468}.Debug|Any CPU.ActiveCfg = Debug|Any CPU
		{90BC3DEB-5FCC-41CC-AB8E-65D224F71468}.Debug|Any CPU.Build.0 = Debug|Any CPU
		{90BC3DEB-5FCC-41CC-AB8E-65D224F71468}.Debug|x64.ActiveCfg = Debug|Any CPU
		{90BC3DEB-5FCC-41CC-AB8E-65D224F71468}.Debug|x64.Build.0 = Debug|Any CPU
		{90BC3DEB-5FCC-41CC-AB8E-65D224F71468}.Debug|x86.ActiveCfg = Debug|Any CPU
		{90BC3DEB-5FCC-41CC-AB8E-65D224F71468}.Debug|x86.Build.0 = Debug|Any CPU
		{90BC3DEB-5FCC-41CC-AB8E-65D224F71468}.Release|Any CPU.ActiveCfg = Release|Any CPU
		{90BC3DEB-5FCC-41CC-AB8E-65D224F71468}.Release|Any CPU.Build.0 = Release|Any CPU
		{90BC3DEB-5FCC-41CC-AB8E-65D224F71468}.Release|x64.ActiveCfg = Release|Any CPU
		{90BC3DEB-5FCC-41CC-AB8E-65D224F71468}.Release|x64.Build.0 = Release|Any CPU
		{90BC3DEB-5FCC-41CC-AB8E-65D224F71468}.Release|x86.ActiveCfg = Release|Any CPU
		{90BC3DEB-5FCC-41CC-AB8E-65D224F71468}.Release|x86.Build.0 = Release|Any CPU
	EndGlobalSection
EndGlobal
